// !$*UTF8*$!
{
	archiveVersion = 1;
	classes = {
	};
	objectVersion = 46;
	objects = {

/* Begin PBXBuildFile section */
		6E67D815190FA3E400B0217D /* Foundation.framework in Frameworks */ = {isa = PBXBuildFile; fileRef = 6E67D814190FA3E400B0217D /* Foundation.framework */; };
		6E67D817190FA3E400B0217D /* CoreGraphics.framework in Frameworks */ = {isa = PBXBuildFile; fileRef = 6E67D816190FA3E400B0217D /* CoreGraphics.framework */; };
		6E67D819190FA3E400B0217D /* UIKit.framework in Frameworks */ = {isa = PBXBuildFile; fileRef = 6E67D818190FA3E400B0217D /* UIKit.framework */; };
		6E67D81F190FA3E400B0217D /* InfoPlist.strings in Resources */ = {isa = PBXBuildFile; fileRef = 6E67D81D190FA3E400B0217D /* InfoPlist.strings */; };
		6E67D821190FA3E400B0217D /* main.m in Sources */ = {isa = PBXBuildFile; fileRef = 6E67D820190FA3E400B0217D /* main.m */; };
		6E67D825190FA3E400B0217D /* iCalTestAppDelegate.m in Sources */ = {isa = PBXBuildFile; fileRef = 6E67D824190FA3E400B0217D /* iCalTestAppDelegate.m */; };
		6E67D828190FA3E400B0217D /* Main.storyboard in Resources */ = {isa = PBXBuildFile; fileRef = 6E67D826190FA3E400B0217D /* Main.storyboard */; };
		6E67D82B190FA3E400B0217D /* iCalTestViewController.m in Sources */ = {isa = PBXBuildFile; fileRef = 6E67D82A190FA3E400B0217D /* iCalTestViewController.m */; };
		6E67D82D190FA3E400B0217D /* Images.xcassets in Resources */ = {isa = PBXBuildFile; fileRef = 6E67D82C190FA3E400B0217D /* Images.xcassets */; };
		6E67D834190FA3E400B0217D /* XCTest.framework in Frameworks */ = {isa = PBXBuildFile; fileRef = 6E67D833190FA3E400B0217D /* XCTest.framework */; };
		6E67D835190FA3E400B0217D /* Foundation.framework in Frameworks */ = {isa = PBXBuildFile; fileRef = 6E67D814190FA3E400B0217D /* Foundation.framework */; };
		6E67D836190FA3E400B0217D /* UIKit.framework in Frameworks */ = {isa = PBXBuildFile; fileRef = 6E67D818190FA3E400B0217D /* UIKit.framework */; };
		6E67D83E190FA3E400B0217D /* InfoPlist.strings in Resources */ = {isa = PBXBuildFile; fileRef = 6E67D83C190FA3E400B0217D /* InfoPlist.strings */; };
		6E67D840190FA3E400B0217D /* iCalTestTests.m in Sources */ = {isa = PBXBuildFile; fileRef = 6E67D83F190FA3E400B0217D /* iCalTestTests.m */; };
/* End PBXBuildFile section */

/* Begin PBXContainerItemProxy section */
		6E67D837190FA3E400B0217D /* PBXContainerItemProxy */ = {
			isa = PBXContainerItemProxy;
			containerPortal = 6E67D809190FA3E400B0217D /* Project object */;
			proxyType = 1;
			remoteGlobalIDString = 6E67D810190FA3E400B0217D;
			remoteInfo = iCalTest;
		};
/* End PBXContainerItemProxy section */

/* Begin PBXFileReference section */
		6E67D811190FA3E400B0217D /* iCalTest.app */ = {isa = PBXFileReference; explicitFileType = wrapper.application; includeInIndex = 0; path = iCalTest.app; sourceTree = BUILT_PRODUCTS_DIR; };
		6E67D814190FA3E400B0217D /* Foundation.framework */ = {isa = PBXFileReference; lastKnownFileType = wrapper.framework; name = Foundation.framework; path = System/Library/Frameworks/Foundation.framework; sourceTree = SDKROOT; };
		6E67D816190FA3E400B0217D /* CoreGraphics.framework */ = {isa = PBXFileReference; lastKnownFileType = wrapper.framework; name = CoreGraphics.framework; path = System/Library/Frameworks/CoreGraphics.framework; sourceTree = SDKROOT; };
		6E67D818190FA3E400B0217D /* UIKit.framework */ = {isa = PBXFileReference; lastKnownFileType = wrapper.framework; name = UIKit.framework; path = System/Library/Frameworks/UIKit.framework; sourceTree = SDKROOT; };
		6E67D81C190FA3E400B0217D /* iCalTest-Info.plist */ = {isa = PBXFileReference; lastKnownFileType = text.plist.xml; path = "iCalTest-Info.plist"; sourceTree = "<group>"; };
		6E67D81E190FA3E400B0217D /* en */ = {isa = PBXFileReference; lastKnownFileType = text.plist.strings; name = en; path = en.lproj/InfoPlist.strings; sourceTree = "<group>"; };
		6E67D820190FA3E400B0217D /* main.m */ = {isa = PBXFileReference; lastKnownFileType = sourcecode.c.objc; path = main.m; sourceTree = "<group>"; };
		6E67D822190FA3E400B0217D /* iCalTest-Prefix.pch */ = {isa = PBXFileReference; lastKnownFileType = sourcecode.c.h; path = "iCalTest-Prefix.pch"; sourceTree = "<group>"; };
		6E67D823190FA3E400B0217D /* iCalTestAppDelegate.h */ = {isa = PBXFileReference; lastKnownFileType = sourcecode.c.h; path = iCalTestAppDelegate.h; sourceTree = "<group>"; };
		6E67D824190FA3E400B0217D /* iCalTestAppDelegate.m */ = {isa = PBXFileReference; lastKnownFileType = sourcecode.c.objc; path = iCalTestAppDelegate.m; sourceTree = "<group>"; };
		6E67D827190FA3E400B0217D /* Base */ = {isa = PBXFileReference; lastKnownFileType = file.storyboard; name = Base; path = Base.lproj/Main.storyboard; sourceTree = "<group>"; };
		6E67D829190FA3E400B0217D /* iCalTestViewController.h */ = {isa = PBXFileReference; lastKnownFileType = sourcecode.c.h; path = iCalTestViewController.h; sourceTree = "<group>"; };
		6E67D82A190FA3E400B0217D /* iCalTestViewController.m */ = {isa = PBXFileReference; lastKnownFileType = sourcecode.c.objc; path = iCalTestViewController.m; sourceTree = "<group>"; };
		6E67D82C190FA3E400B0217D /* Images.xcassets */ = {isa = PBXFileReference; lastKnownFileType = folder.assetcatalog; path = Images.xcassets; sourceTree = "<group>"; };
		6E67D832190FA3E400B0217D /* iCalTestTests.xctest */ = {isa = PBXFileReference; explicitFileType = wrapper.cfbundle; includeInIndex = 0; path = iCalTestTests.xctest; sourceTree = BUILT_PRODUCTS_DIR; };
		6E67D833190FA3E400B0217D /* XCTest.framework */ = {isa = PBXFileReference; lastKnownFileType = wrapper.framework; name = XCTest.framework; path = Library/Frameworks/XCTest.framework; sourceTree = DEVELOPER_DIR; };
		6E67D83B190FA3E400B0217D /* iCalTestTests-Info.plist */ = {isa = PBXFileReference; lastKnownFileType = text.plist.xml; path = "iCalTestTests-Info.plist"; sourceTree = "<group>"; };
		6E67D83D190FA3E400B0217D /* en */ = {isa = PBXFileReference; lastKnownFileType = text.plist.strings; name = en; path = en.lproj/InfoPlist.strings; sourceTree = "<group>"; };
		6E67D83F190FA3E400B0217D /* iCalTestTests.m */ = {isa = PBXFileReference; lastKnownFileType = sourcecode.c.objc; path = iCalTestTests.m; sourceTree = "<group>"; };
/* End PBXFileReference section */

/* Begin PBXFrameworksBuildPhase section */
		6E67D80E190FA3E400B0217D /* Frameworks */ = {
			isa = PBXFrameworksBuildPhase;
			buildActionMask = 2147483647;
			files = (
				6E67D817190FA3E400B0217D /* CoreGraphics.framework in Frameworks */,
				6E67D819190FA3E400B0217D /* UIKit.framework in Frameworks */,
				6E67D815190FA3E400B0217D /* Foundation.framework in Frameworks */,
			);
			runOnlyForDeploymentPostprocessing = 0;
		};
		6E67D82F190FA3E400B0217D /* Frameworks */ = {
			isa = PBXFrameworksBuildPhase;
			buildActionMask = 2147483647;
			files = (
				6E67D834190FA3E400B0217D /* XCTest.framework in Frameworks */,
				6E67D836190FA3E400B0217D /* UIKit.framework in Frameworks */,
				6E67D835190FA3E400B0217D /* Foundation.framework in Frameworks */,
			);
			runOnlyForDeploymentPostprocessing = 0;
		};
/* End PBXFrameworksBuildPhase section */

/* Begin PBXGroup section */
		6E67D808190FA3E400B0217D = {
			isa = PBXGroup;
			children = (
				6E67D81A190FA3E400B0217D /* iCalTest */,
				6E67D839190FA3E400B0217D /* iCalTestTests */,
				6E67D813190FA3E400B0217D /* Frameworks */,
				6E67D812190FA3E400B0217D /* Products */,
			);
			sourceTree = "<group>";
		};
		6E67D812190FA3E400B0217D /* Products */ = {
			isa = PBXGroup;
			children = (
				6E67D811190FA3E400B0217D /* iCalTest.app */,
				6E67D832190FA3E400B0217D /* iCalTestTests.xctest */,
			);
			name = Products;
			sourceTree = "<group>";
		};
		6E67D813190FA3E400B0217D /* Frameworks */ = {
			isa = PBXGroup;
			children = (
				6E67D814190FA3E400B0217D /* Foundation.framework */,
				6E67D816190FA3E400B0217D /* CoreGraphics.framework */,
				6E67D818190FA3E400B0217D /* UIKit.framework */,
				6E67D833190FA3E400B0217D /* XCTest.framework */,
			);
			name = Frameworks;
			sourceTree = "<group>";
		};
		6E67D81A190FA3E400B0217D /* iCalTest */ = {
			isa = PBXGroup;
			children = (
				6E67D823190FA3E400B0217D /* iCalTestAppDelegate.h */,
				6E67D824190FA3E400B0217D /* iCalTestAppDelegate.m */,
				6E67D826190FA3E400B0217D /* Main.storyboard */,
				6E67D829190FA3E400B0217D /* iCalTestViewController.h */,
				6E67D82A190FA3E400B0217D /* iCalTestViewController.m */,
				6E67D82C190FA3E400B0217D /* Images.xcassets */,
				6E67D81B190FA3E400B0217D /* Supporting Files */,
			);
			path = iCalTest;
			sourceTree = "<group>";
		};
		6E67D81B190FA3E400B0217D /* Supporting Files */ = {
			isa = PBXGroup;
			children = (
				6E67D81C190FA3E400B0217D /* iCalTest-Info.plist */,
				6E67D81D190FA3E400B0217D /* InfoPlist.strings */,
				6E67D820190FA3E400B0217D /* main.m */,
				6E67D822190FA3E400B0217D /* iCalTest-Prefix.pch */,
			);
			name = "Supporting Files";
			sourceTree = "<group>";
		};
		6E67D839190FA3E400B0217D /* iCalTestTests */ = {
			isa = PBXGroup;
			children = (
				6E67D83F190FA3E400B0217D /* iCalTestTests.m */,
				6E67D83A190FA3E400B0217D /* Supporting Files */,
			);
			path = iCalTestTests;
			sourceTree = "<group>";
		};
		6E67D83A190FA3E400B0217D /* Supporting Files */ = {
			isa = PBXGroup;
			children = (
				6E67D83B190FA3E400B0217D /* iCalTestTests-Info.plist */,
				6E67D83C190FA3E400B0217D /* InfoPlist.strings */,
			);
			name = "Supporting Files";
			sourceTree = "<group>";
		};
/* End PBXGroup section */

/* Begin PBXNativeTarget section */
		6E67D810190FA3E400B0217D /* iCalTest */ = {
			isa = PBXNativeTarget;
			buildConfigurationList = 6E67D843190FA3E400B0217D /* Build configuration list for PBXNativeTarget "iCalTest" */;
			buildPhases = (
				6E67D80D190FA3E400B0217D /* Sources */,
				6E67D80E190FA3E400B0217D /* Frameworks */,
				6E67D80F190FA3E400B0217D /* Resources */,
			);
			buildRules = (
			);
			dependencies = (
			);
			name = iCalTest;
			productName = iCalTest;
			productReference = 6E67D811190FA3E400B0217D /* iCalTest.app */;
			productType = "com.apple.product-type.application";
		};
		6E67D831190FA3E400B0217D /* iCalTestTests */ = {
			isa = PBXNativeTarget;
			buildConfigurationList = 6E67D846190FA3E400B0217D /* Build configuration list for PBXNativeTarget "iCalTestTests" */;
			buildPhases = (
				6E67D82E190FA3E400B0217D /* Sources */,
				6E67D82F190FA3E400B0217D /* Frameworks */,
				6E67D830190FA3E400B0217D /* Resources */,
			);
			buildRules = (
			);
			dependencies = (
				6E67D838190FA3E400B0217D /* PBXTargetDependency */,
			);
			name = iCalTestTests;
			productName = iCalTestTests;
			productReference = 6E67D832190FA3E400B0217D /* iCalTestTests.xctest */;
			productType = "com.apple.product-type.bundle.unit-test";
		};
/* End PBXNativeTarget section */

/* Begin PBXProject section */
		6E67D809190FA3E400B0217D /* Project object */ = {
			isa = PBXProject;
			attributes = {
				CLASSPREFIX = iCalTest;
				LastUpgradeCheck = 0510;
				ORGANIZATIONNAME = artwalk;
				TargetAttributes = {
					6E67D831190FA3E400B0217D = {
						TestTargetID = 6E67D810190FA3E400B0217D;
					};
				};
			};
			buildConfigurationList = 6E67D80C190FA3E400B0217D /* Build configuration list for PBXProject "iCalTest" */;
			compatibilityVersion = "Xcode 3.2";
			developmentRegion = English;
			hasScannedForEncodings = 0;
			knownRegions = (
				en,
				Base,
			);
			mainGroup = 6E67D808190FA3E400B0217D;
			productRefGroup = 6E67D812190FA3E400B0217D /* Products */;
			projectDirPath = "";
			projectRoot = "";
			targets = (
				6E67D810190FA3E400B0217D /* iCalTest */,
				6E67D831190FA3E400B0217D /* iCalTestTests */,
			);
		};
/* End PBXProject section */

/* Begin PBXResourcesBuildPhase section */
		6E67D80F190FA3E400B0217D /* Resources */ = {
			isa = PBXResourcesBuildPhase;
			buildActionMask = 2147483647;
			files = (
				6E67D82D190FA3E400B0217D /* Images.xcassets in Resources */,
				6E67D81F190FA3E400B0217D /* InfoPlist.strings in Resources */,
				6E67D828190FA3E400B0217D /* Main.storyboard in Resources */,
			);
			runOnlyForDeploymentPostprocessing = 0;
		};
		6E67D830190FA3E400B0217D /* Resources */ = {
			isa = PBXResourcesBuildPhase;
			buildActionMask = 2147483647;
			files = (
				6E67D83E190FA3E400B0217D /* InfoPlist.strings in Resources */,
			);
			runOnlyForDeploymentPostprocessing = 0;
		};
/* End PBXResourcesBuildPhase section */

/* Begin PBXSourcesBuildPhase section */
		6E67D80D190FA3E400B0217D /* Sources */ = {
			isa = PBXSourcesBuildPhase;
			buildActionMask = 2147483647;
			files = (
				6E67D82B190FA3E400B0217D /* iCalTestViewController.m in Sources */,
				6E67D821190FA3E400B0217D /* main.m in Sources */,
				6E67D825190FA3E400B0217D /* iCalTestAppDelegate.m in Sources */,
			);
			runOnlyForDeploymentPostprocessing = 0;
		};
		6E67D82E190FA3E400B0217D /* Sources */ = {
			isa = PBXSourcesBuildPhase;
			buildActionMask = 2147483647;
			files = (
				6E67D840190FA3E400B0217D /* iCalTestTests.m in Sources */,
			);
			runOnlyForDeploymentPostprocessing = 0;
		};
/* End PBXSourcesBuildPhase section */

/* Begin PBXTargetDependency section */
		6E67D838190FA3E400B0217D /* PBXTargetDependency */ = {
			isa = PBXTargetDependency;
			target = 6E67D810190FA3E400B0217D /* iCalTest */;
			targetProxy = 6E67D837190FA3E400B0217D /* PBXContainerItemProxy */;
		};
/* End PBXTargetDependency section */

/* Begin PBXVariantGroup section */
		6E67D81D190FA3E400B0217D /* InfoPlist.strings */ = {
			isa = PBXVariantGroup;
			children = (
				6E67D81E190FA3E400B0217D /* en */,
			);
			name = InfoPlist.strings;
			sourceTree = "<group>";
		};
		6E67D826190FA3E400B0217D /* Main.storyboard */ = {
			isa = PBXVariantGroup;
			children = (
				6E67D827190FA3E400B0217D /* Base */,
			);
			name = Main.storyboard;
			sourceTree = "<group>";
		};
		6E67D83C190FA3E400B0217D /* InfoPlist.strings */ = {
			isa = PBXVariantGroup;
			children = (
				6E67D83D190FA3E400B0217D /* en */,
			);
			name = InfoPlist.strings;
			sourceTree = "<group>";
		};
/* End PBXVariantGroup section */

/* Begin XCBuildConfiguration section */
		6E67D841190FA3E400B0217D /* Debug */ = {
			isa = XCBuildConfiguration;
			buildSettings = {
				ALWAYS_SEARCH_USER_PATHS = NO;
				CLANG_CXX_LANGUAGE_STANDARD = "gnu++0x";
				CLANG_CXX_LIBRARY = "libc++";
				CLANG_ENABLE_MODULES = YES;
				CLANG_ENABLE_OBJC_ARC = YES;
				CLANG_WARN_BOOL_CONVERSION = YES;
				CLANG_WARN_CONSTANT_CONVERSION = YES;
				CLANG_WARN_DIRECT_OBJC_ISA_USAGE = YES_ERROR;
				CLANG_WARN_EMPTY_BODY = YES;
				CLANG_WARN_ENUM_CONVERSION = YES;
				CLANG_WARN_INT_CONVERSION = YES;
				CLANG_WARN_OBJC_ROOT_CLASS = YES_ERROR;
				CLANG_WARN__DUPLICATE_METHOD_MATCH = YES;
				"CODE_SIGN_IDENTITY[sdk=iphoneos*]" = "iPhone Developer";
				COPY_PHASE_STRIP = NO;
				GCC_C_LANGUAGE_STANDARD = gnu99;
				GCC_DYNAMIC_NO_PIC = NO;
				GCC_OPTIMIZATION_LEVEL = 0;
				GCC_PREPROCESSOR_DEFINITIONS = (
					"DEBUG=1",
					"$(inherited)",
				);
				GCC_SYMBOLS_PRIVATE_EXTERN = NO;
				GCC_WARN_64_TO_32_BIT_CONVERSION = YES;
				GCC_WARN_ABOUT_RETURN_TYPE = YES_ERROR;
				GCC_WARN_UNDECLARED_SELECTOR = YES;
				GCC_WARN_UNINITIALIZED_AUTOS = YES_AGGRESSIVE;
				GCC_WARN_UNUSED_FUNCTION = YES;
				GCC_WARN_UNUSED_VARIABLE = YES;
				IPHONEOS_DEPLOYMENT_TARGET = 7.1;
				ONLY_ACTIVE_ARCH = YES;
				SDKROOT = iphoneos;
			};
			name = Debug;
		};
		6E67D842190FA3E400B0217D /* Release */ = {
			isa = XCBuildConfiguration;
			buildSettings = {
				ALWAYS_SEARCH_USER_PATHS = NO;
				CLANG_CXX_LANGUAGE_STANDARD = "gnu++0x";
				CLANG_CXX_LIBRARY = "libc++";
				CLANG_ENABLE_MODULES = YES;
				CLANG_ENABLE_OBJC_ARC = YES;
				CLANG_WARN_BOOL_CONVERSION = YES;
				CLANG_WARN_CONSTANT_CONVERSION = YES;
				CLANG_WARN_DIRECT_OBJC_ISA_USAGE = YES_ERROR;
				CLANG_WARN_EMPTY_BODY = YES;
				CLANG_WARN_ENUM_CONVERSION = YES;
				CLANG_WARN_INT_CONVERSION = YES;
				CLANG_WARN_OBJC_ROOT_CLASS = YES_ERROR;
				CLANG_WARN__DUPLICATE_METHOD_MATCH = YES;
				"CODE_SIGN_IDENTITY[sdk=iphoneos*]" = "iPhone Developer";
				COPY_PHASE_STRIP = YES;
				ENABLE_NS_ASSERTIONS = NO;
				GCC_C_LANGUAGE_STANDARD = gnu99;
				GCC_WARN_64_TO_32_BIT_CONVERSION = YES;
				GCC_WARN_ABOUT_RETURN_TYPE = YES_ERROR;
				GCC_WARN_UNDECLARED_SELECTOR = YES;
				GCC_WARN_UNINITIALIZED_AUTOS = YES_AGGRESSIVE;
				GCC_WARN_UNUSED_FUNCTION = YES;
				GCC_WARN_UNUSED_VARIABLE = YES;
				IPHONEOS_DEPLOYMENT_TARGET = 7.1;
				SDKROOT = iphoneos;
				VALIDATE_PRODUCT = YES;
			};
			name = Release;
		};
		6E67D844190FA3E400B0217D /* Debug */ = {
			isa = XCBuildConfiguration;
			buildSettings = {
				ASSETCATALOG_COMPILER_APPICON_NAME = AppIcon;
				ASSETCATALOG_COMPILER_LAUNCHIMAGE_NAME = LaunchImage;
				GCC_PRECOMPILE_PREFIX_HEADER = YES;
				GCC_PREFIX_HEADER = "iCalTest/iCalTest-Prefix.pch";
				INFOPLIST_FILE = "iCalTest/iCalTest-Info.plist";
				PRODUCT_NAME = "$(TARGET_NAME)";
				WRAPPER_EXTENSION = app;
			};
			name = Debug;
		};
		6E67D845190FA3E400B0217D /* Release */ = {
			isa = XCBuildConfiguration;
			buildSettings = {
				ASSETCATALOG_COMPILER_APPICON_NAME = AppIcon;
				ASSETCATALOG_COMPILER_LAUNCHIMAGE_NAME = LaunchImage;
				GCC_PRECOMPILE_PREFIX_HEADER = YES;
				GCC_PREFIX_HEADER = "iCalTest/iCalTest-Prefix.pch";
				INFOPLIST_FILE = "iCalTest/iCalTest-Info.plist";
				PRODUCT_NAME = "$(TARGET_NAME)";
				WRAPPER_EXTENSION = app;
			};
			name = Release;
		};
		6E67D847190FA3E400B0217D /* Debug */ = {
			isa = XCBuildConfiguration;
			buildSettings = {
				BUNDLE_LOADER = "$(BUILT_PRODUCTS_DIR)/iCalTest.app/iCalTest";
				FRAMEWORK_SEARCH_PATHS = (
					"$(SDKROOT)/Developer/Library/Frameworks",
					"$(inherited)",
					"$(DEVELOPER_FRAMEWORKS_DIR)",
				);
				GCC_PRECOMPILE_PREFIX_HEADER = YES;
				GCC_PREFIX_HEADER = "iCalTest/iCalTest-Prefix.pch";
				GCC_PREPROCESSOR_DEFINITIONS = (
					"DEBUG=1",
					"$(inherited)",
				);
				INFOPLIST_FILE = "iCalTestTests/iCalTestTests-Info.plist";
				PRODUCT_NAME = "$(TARGET_NAME)";
				TEST_HOST = "$(BUNDLE_LOADER)";
				WRAPPER_EXTENSION = xctest;
			};
			name = Debug;
		};
		6E67D848190FA3E400B0217D /* Release */ = {
			isa = XCBuildConfiguration;
			buildSettings = {
				BUNDLE_LOADER = "$(BUILT_PRODUCTS_DIR)/iCalTest.app/iCalTest";
				FRAMEWORK_SEARCH_PATHS = (
					"$(SDKROOT)/Developer/Library/Frameworks",
					"$(inherited)",
					"$(DEVELOPER_FRAMEWORKS_DIR)",
				);
				GCC_PRECOMPILE_PREFIX_HEADER = YES;
				GCC_PREFIX_HEADER = "iCalTest/iCalTest-Prefix.pch";
				INFOPLIST_FILE = "iCalTestTests/iCalTestTests-Info.plist";
				PRODUCT_NAME = "$(TARGET_NAME)";
				TEST_HOST = "$(BUNDLE_LOADER)";
				WRAPPER_EXTENSION = xctest;
			};
			name = Release;
		};
/* End XCBuildConfiguration section */

/* Begin XCConfigurationList section */
		6E67D80C190FA3E400B0217D /* Build configuration list for PBXProject "iCalTest" */ = {
			isa = XCConfigurationList;
			buildConfigurations = (
				6E67D841190FA3E400B0217D /* Debug */,
				6E67D842190FA3E400B0217D /* Release */,
			);
			defaultConfigurationIsVisible = 0;
			defaultConfigurationName = Release;
		};
		6E67D843190FA3E400B0217D /* Build configuration list for PBXNativeTarget "iCalTest" */ = {
			isa = XCConfigurationList;
			buildConfigurations = (
				6E67D844190FA3E400B0217D /* Debug */,
				6E67D845190FA3E400B0217D /* Release */,
			);
			defaultConfigurationIsVisible = 0;
		};
		6E67D846190FA3E400B0217D /* Build configuration list for PBXNativeTarget "iCalTestTests" */ = {
			isa = XCConfigurationList;
			buildConfigurations = (
				6E67D847190FA3E400B0217D /* Debug */,
				6E67D848190FA3E400B0217D /* Release */,
			);
			defaultConfigurationIsVisible = 0;
		};
/* End XCConfigurationList section */
	};
	rootObject = 6E67D809190FA3E400B0217D /* Project object */;
}
