// !$*UTF8*$!
{
	archiveVersion = 1;
	classes = {
	};
	objectVersion = 46;
	objects = {

/* Begin PBXBuildFile section */
		6EB126A5190FEEA20019651B /* Cocoa.framework in Frameworks */ = {isa = PBXBuildFile; fileRef = 6EB126A4190FEEA20019651B /* Cocoa.framework */; };
		6EB126AF190FEEA20019651B /* InfoPlist.strings in Resources */ = {isa = PBXBuildFile; fileRef = 6EB126AD190FEEA20019651B /* InfoPlist.strings */; };
		6EB126B1190FEEA20019651B /* main.m in Sources */ = {isa = PBXBuildFile; fileRef = 6EB126B0190FEEA20019651B /* main.m */; };
		6EB126B5190FEEA20019651B /* Credits.rtf in Resources */ = {isa = PBXBuildFile; fileRef = 6EB126B3190FEEA20019651B /* Credits.rtf */; };
		6EB126B8190FEEA20019651B /* iCal_MAC_TestAppDelegate.m in Sources */ = {isa = PBXBuildFile; fileRef = 6EB126B7190FEEA20019651B /* iCal_MAC_TestAppDelegate.m */; };
		6EB126BB190FEEA20019651B /* MainMenu.xib in Resources */ = {isa = PBXBuildFile; fileRef = 6EB126B9190FEEA20019651B /* MainMenu.xib */; };
		6EB126BD190FEEA20019651B /* Images.xcassets in Resources */ = {isa = PBXBuildFile; fileRef = 6EB126BC190FEEA20019651B /* Images.xcassets */; };
		6EB126C4190FEEA20019651B /* XCTest.framework in Frameworks */ = {isa = PBXBuildFile; fileRef = 6EB126C3190FEEA20019651B /* XCTest.framework */; };
		6EB126C5190FEEA20019651B /* Cocoa.framework in Frameworks */ = {isa = PBXBuildFile; fileRef = 6EB126A4190FEEA20019651B /* Cocoa.framework */; };
		6EB126CD190FEEA20019651B /* InfoPlist.strings in Resources */ = {isa = PBXBuildFile; fileRef = 6EB126CB190FEEA20019651B /* InfoPlist.strings */; };
		6EB126CF190FEEA20019651B /* iCal_MAC_TestTests.m in Sources */ = {isa = PBXBuildFile; fileRef = 6EB126CE190FEEA20019651B /* iCal_MAC_TestTests.m */; };
		6EB126D9190FEF420019651B /* EventKit.framework in Frameworks */ = {isa = PBXBuildFile; fileRef = 6EB126D8190FEF420019651B /* EventKit.framework */; };
/* End PBXBuildFile section */

/* Begin PBXContainerItemProxy section */
		6EB126C6190FEEA20019651B /* PBXContainerItemProxy */ = {
			isa = PBXContainerItemProxy;
			containerPortal = 6EB12699190FEEA20019651B /* Project object */;
			proxyType = 1;
			remoteGlobalIDString = 6EB126A0190FEEA20019651B;
			remoteInfo = iCal_MAC_Test;
		};
/* End PBXContainerItemProxy section */

/* Begin PBXFileReference section */
		6EB126A1190FEEA20019651B /* iCaleminder_OSX.app */ = {isa = PBXFileReference; explicitFileType = wrapper.application; includeInIndex = 0; path = iCaleminder_OSX.app; sourceTree = BUILT_PRODUCTS_DIR; };
		6EB126A4190FEEA20019651B /* Cocoa.framework */ = {isa = PBXFileReference; lastKnownFileType = wrapper.framework; name = Cocoa.framework; path = System/Library/Frameworks/Cocoa.framework; sourceTree = SDKROOT; };
		6EB126A7190FEEA20019651B /* AppKit.framework */ = {isa = PBXFileReference; lastKnownFileType = wrapper.framework; name = AppKit.framework; path = System/Library/Frameworks/AppKit.framework; sourceTree = SDKROOT; };
		6EB126A8190FEEA20019651B /* CoreData.framework */ = {isa = PBXFileReference; lastKnownFileType = wrapper.framework; name = CoreData.framework; path = System/Library/Frameworks/CoreData.framework; sourceTree = SDKROOT; };
		6EB126A9190FEEA20019651B /* Foundation.framework */ = {isa = PBXFileReference; lastKnownFileType = wrapper.framework; name = Foundation.framework; path = System/Library/Frameworks/Foundation.framework; sourceTree = SDKROOT; };
		6EB126AC190FEEA20019651B /* iCaleminder_OSX-Info.plist */ = {isa = PBXFileReference; lastKnownFileType = text.plist.xml; path = "iCaleminder_OSX-Info.plist"; sourceTree = "<group>"; };
		6EB126AE190FEEA20019651B /* en */ = {isa = PBXFileReference; lastKnownFileType = text.plist.strings; name = en; path = en.lproj/InfoPlist.strings; sourceTree = "<group>"; };
		6EB126B0190FEEA20019651B /* main.m */ = {isa = PBXFileReference; lastKnownFileType = sourcecode.c.objc; path = main.m; sourceTree = "<group>"; };
		6EB126B2190FEEA20019651B /* iCaleminder_OSX-Prefix.pch */ = {isa = PBXFileReference; lastKnownFileType = sourcecode.c.h; path = "iCaleminder_OSX-Prefix.pch"; sourceTree = "<group>"; };
		6EB126B4190FEEA20019651B /* en */ = {isa = PBXFileReference; lastKnownFileType = text.rtf; name = en; path = en.lproj/Credits.rtf; sourceTree = "<group>"; };
		6EB126B6190FEEA20019651B /* iCal_MAC_TestAppDelegate.h */ = {isa = PBXFileReference; lastKnownFileType = sourcecode.c.h; path = iCal_MAC_TestAppDelegate.h; sourceTree = "<group>"; };
		6EB126B7190FEEA20019651B /* iCal_MAC_TestAppDelegate.m */ = {isa = PBXFileReference; lastKnownFileType = sourcecode.c.objc; path = iCal_MAC_TestAppDelegate.m; sourceTree = "<group>"; };
		6EB126BA190FEEA20019651B /* Base */ = {isa = PBXFileReference; lastKnownFileType = file.xib; name = Base; path = Base.lproj/MainMenu.xib; sourceTree = "<group>"; };
		6EB126BC190FEEA20019651B /* Images.xcassets */ = {isa = PBXFileReference; lastKnownFileType = folder.assetcatalog; path = Images.xcassets; sourceTree = "<group>"; };
		6EB126C2190FEEA20019651B /* iCaleminder_OSXTests.xctest */ = {isa = PBXFileReference; explicitFileType = wrapper.cfbundle; includeInIndex = 0; path = iCaleminder_OSXTests.xctest; sourceTree = BUILT_PRODUCTS_DIR; };
		6EB126C3190FEEA20019651B /* XCTest.framework */ = {isa = PBXFileReference; lastKnownFileType = wrapper.framework; name = XCTest.framework; path = Library/Frameworks/XCTest.framework; sourceTree = DEVELOPER_DIR; };
		6EB126CA190FEEA20019651B /* iCaleminder_OSXTests-Info.plist */ = {isa = PBXFileReference; lastKnownFileType = text.plist.xml; path = "iCaleminder_OSXTests-Info.plist"; sourceTree = "<group>"; };
		6EB126CC190FEEA20019651B /* en */ = {isa = PBXFileReference; lastKnownFileType = text.plist.strings; name = en; path = en.lproj/InfoPlist.strings; sourceTree = "<group>"; };
		6EB126CE190FEEA20019651B /* iCal_MAC_TestTests.m */ = {isa = PBXFileReference; lastKnownFileType = sourcecode.c.objc; path = iCal_MAC_TestTests.m; sourceTree = "<group>"; };
		6EB126D8190FEF420019651B /* EventKit.framework */ = {isa = PBXFileReference; lastKnownFileType = wrapper.framework; name = EventKit.framework; path = System/Library/Frameworks/EventKit.framework; sourceTree = SDKROOT; };
/* End PBXFileReference section */

/* Begin PBXFrameworksBuildPhase section */
		6EB1269E190FEEA20019651B /* Frameworks */ = {
			isa = PBXFrameworksBuildPhase;
			buildActionMask = 2147483647;
			files = (
				6EB126D9190FEF420019651B /* EventKit.framework in Frameworks */,
				6EB126A5190FEEA20019651B /* Cocoa.framework in Frameworks */,
			);
			runOnlyForDeploymentPostprocessing = 0;
		};
		6EB126BF190FEEA20019651B /* Frameworks */ = {
			isa = PBXFrameworksBuildPhase;
			buildActionMask = 2147483647;
			files = (
				6EB126C5190FEEA20019651B /* Cocoa.framework in Frameworks */,
				6EB126C4190FEEA20019651B /* XCTest.framework in Frameworks */,
			);
			runOnlyForDeploymentPostprocessing = 0;
		};
/* End PBXFrameworksBuildPhase section */

/* Begin PBXGroup section */
		6EB12698190FEEA20019651B = {
			isa = PBXGroup;
			children = (
				6EB126AA190FEEA20019651B /* iCaleminder_OSX */,
				6EB126C8190FEEA20019651B /* iCaleminder_OSXTests */,
				6EB126A3190FEEA20019651B /* Frameworks */,
				6EB126A2190FEEA20019651B /* Products */,
			);
			sourceTree = "<group>";
		};
		6EB126A2190FEEA20019651B /* Products */ = {
			isa = PBXGroup;
			children = (
				6EB126A1190FEEA20019651B /* iCaleminder_OSX.app */,
				6EB126C2190FEEA20019651B /* iCaleminder_OSXTests.xctest */,
			);
			name = Products;
			sourceTree = "<group>";
		};
		6EB126A3190FEEA20019651B /* Frameworks */ = {
			isa = PBXGroup;
			children = (
				6EB126D8190FEF420019651B /* EventKit.framework */,
				6EB126A4190FEEA20019651B /* Cocoa.framework */,
				6EB126C3190FEEA20019651B /* XCTest.framework */,
				6EB126A6190FEEA20019651B /* Other Frameworks */,
			);
			name = Frameworks;
			sourceTree = "<group>";
		};
		6EB126A6190FEEA20019651B /* Other Frameworks */ = {
			isa = PBXGroup;
			children = (
				6EB126A7190FEEA20019651B /* AppKit.framework */,
				6EB126A8190FEEA20019651B /* CoreData.framework */,
				6EB126A9190FEEA20019651B /* Foundation.framework */,
			);
			name = "Other Frameworks";
			sourceTree = "<group>";
		};
		6EB126AA190FEEA20019651B /* iCaleminder_OSX */ = {
			isa = PBXGroup;
			children = (
				6EB126B6190FEEA20019651B /* iCal_MAC_TestAppDelegate.h */,
				6EB126B7190FEEA20019651B /* iCal_MAC_TestAppDelegate.m */,
				6EB126B9190FEEA20019651B /* MainMenu.xib */,
				6EB126BC190FEEA20019651B /* Images.xcassets */,
				6EB126AB190FEEA20019651B /* Supporting Files */,
			);
			name = iCaleminder_OSX;
			path = iCal_MAC_Test;
			sourceTree = "<group>";
		};
		6EB126AB190FEEA20019651B /* Supporting Files */ = {
			isa = PBXGroup;
			children = (
				6EB126AC190FEEA20019651B /* iCaleminder_OSX-Info.plist */,
				6EB126AD190FEEA20019651B /* InfoPlist.strings */,
				6EB126B0190FEEA20019651B /* main.m */,
				6EB126B2190FEEA20019651B /* iCaleminder_OSX-Prefix.pch */,
				6EB126B3190FEEA20019651B /* Credits.rtf */,
			);
			name = "Supporting Files";
			sourceTree = "<group>";
		};
		6EB126C8190FEEA20019651B /* iCaleminder_OSXTests */ = {
			isa = PBXGroup;
			children = (
				6EB126CE190FEEA20019651B /* iCal_MAC_TestTests.m */,
				6EB126C9190FEEA20019651B /* Supporting Files */,
			);
			name = iCaleminder_OSXTests;
			path = iCal_MAC_TestTests;
			sourceTree = "<group>";
		};
		6EB126C9190FEEA20019651B /* Supporting Files */ = {
			isa = PBXGroup;
			children = (
				6EB126CA190FEEA20019651B /* iCaleminder_OSXTests-Info.plist */,
				6EB126CB190FEEA20019651B /* InfoPlist.strings */,
			);
			name = "Supporting Files";
			sourceTree = "<group>";
		};
/* End PBXGroup section */

/* Begin PBXNativeTarget section */
		6EB126A0190FEEA20019651B /* iCaleminder_OSX */ = {
			isa = PBXNativeTarget;
			buildConfigurationList = 6EB126D2190FEEA20019651B /* Build configuration list for PBXNativeTarget "iCaleminder_OSX" */;
			buildPhases = (
				6EB1269D190FEEA20019651B /* Sources */,
				6EB1269E190FEEA20019651B /* Frameworks */,
				6EB1269F190FEEA20019651B /* Resources */,
			);
			buildRules = (
			);
			dependencies = (
			);
			name = iCaleminder_OSX;
			productName = iCal_MAC_Test;
			productReference = 6EB126A1190FEEA20019651B /* iCaleminder_OSX.app */;
			productType = "com.apple.product-type.application";
		};
		6EB126C1190FEEA20019651B /* iCaleminder_OSXTests */ = {
			isa = PBXNativeTarget;
			buildConfigurationList = 6EB126D5190FEEA20019651B /* Build configuration list for PBXNativeTarget "iCaleminder_OSXTests" */;
			buildPhases = (
				6EB126BE190FEEA20019651B /* Sources */,
				6EB126BF190FEEA20019651B /* Frameworks */,
				6EB126C0190FEEA20019651B /* Resources */,
			);
			buildRules = (
			);
			dependencies = (
				6EB126C7190FEEA20019651B /* PBXTargetDependency */,
			);
			name = iCaleminder_OSXTests;
			productName = iCal_MAC_TestTests;
			productReference = 6EB126C2190FEEA20019651B /* iCaleminder_OSXTests.xctest */;
			productType = "com.apple.product-type.bundle.unit-test";
		};
/* End PBXNativeTarget section */

/* Begin PBXProject section */
		6EB12699190FEEA20019651B /* Project object */ = {
			isa = PBXProject;
			attributes = {
				CLASSPREFIX = iCal_MAC_Test;
				LastUpgradeCheck = 0510;
				ORGANIZATIONNAME = artwalk;
				TargetAttributes = {
					6EB126C1190FEEA20019651B = {
						TestTargetID = 6EB126A0190FEEA20019651B;
					};
				};
			};
			buildConfigurationList = 6EB1269C190FEEA20019651B /* Build configuration list for PBXProject "iCaleminder_OSX" */;
			compatibilityVersion = "Xcode 3.2";
			developmentRegion = English;
			hasScannedForEncodings = 0;
			knownRegions = (
				en,
				Base,
			);
			mainGroup = 6EB12698190FEEA20019651B;
			productRefGroup = 6EB126A2190FEEA20019651B /* Products */;
			projectDirPath = "";
			projectRoot = "";
			targets = (
				6EB126A0190FEEA20019651B /* iCaleminder_OSX */,
				6EB126C1190FEEA20019651B /* iCaleminder_OSXTests */,
			);
		};
/* End PBXProject section */

/* Begin PBXResourcesBuildPhase section */
		6EB1269F190FEEA20019651B /* Resources */ = {
			isa = PBXResourcesBuildPhase;
			buildActionMask = 2147483647;
			files = (
				6EB126AF190FEEA20019651B /* InfoPlist.strings in Resources */,
				6EB126BD190FEEA20019651B /* Images.xcassets in Resources */,
				6EB126B5190FEEA20019651B /* Credits.rtf in Resources */,
				6EB126BB190FEEA20019651B /* MainMenu.xib in Resources */,
			);
			runOnlyForDeploymentPostprocessing = 0;
		};
		6EB126C0190FEEA20019651B /* Resources */ = {
			isa = PBXResourcesBuildPhase;
			buildActionMask = 2147483647;
			files = (
				6EB126CD190FEEA20019651B /* InfoPlist.strings in Resources */,
			);
			runOnlyForDeploymentPostprocessing = 0;
		};
/* End PBXResourcesBuildPhase section */

/* Begin PBXSourcesBuildPhase section */
		6EB1269D190FEEA20019651B /* Sources */ = {
			isa = PBXSourcesBuildPhase;
			buildActionMask = 2147483647;
			files = (
				6EB126B1190FEEA20019651B /* main.m in Sources */,
				6EB126B8190FEEA20019651B /* iCal_MAC_TestAppDelegate.m in Sources */,
			);
			runOnlyForDeploymentPostprocessing = 0;
		};
		6EB126BE190FEEA20019651B /* Sources */ = {
			isa = PBXSourcesBuildPhase;
			buildActionMask = 2147483647;
			files = (
				6EB126CF190FEEA20019651B /* iCal_MAC_TestTests.m in Sources */,
			);
			runOnlyForDeploymentPostprocessing = 0;
		};
/* End PBXSourcesBuildPhase section */

/* Begin PBXTargetDependency section */
		6EB126C7190FEEA20019651B /* PBXTargetDependency */ = {
			isa = PBXTargetDependency;
			target = 6EB126A0190FEEA20019651B /* iCaleminder_OSX */;
			targetProxy = 6EB126C6190FEEA20019651B /* PBXContainerItemProxy */;
		};
/* End PBXTargetDependency section */

/* Begin PBXVariantGroup section */
		6EB126AD190FEEA20019651B /* InfoPlist.strings */ = {
			isa = PBXVariantGroup;
			children = (
				6EB126AE190FEEA20019651B /* en */,
			);
			name = InfoPlist.strings;
			sourceTree = "<group>";
		};
		6EB126B3190FEEA20019651B /* Credits.rtf */ = {
			isa = PBXVariantGroup;
			children = (
				6EB126B4190FEEA20019651B /* en */,
			);
			name = Credits.rtf;
			sourceTree = "<group>";
		};
		6EB126B9190FEEA20019651B /* MainMenu.xib */ = {
			isa = PBXVariantGroup;
			children = (
				6EB126BA190FEEA20019651B /* Base */,
			);
			name = MainMenu.xib;
			sourceTree = "<group>";
		};
		6EB126CB190FEEA20019651B /* InfoPlist.strings */ = {
			isa = PBXVariantGroup;
			children = (
				6EB126CC190FEEA20019651B /* en */,
			);
			name = InfoPlist.strings;
			sourceTree = "<group>";
		};
/* End PBXVariantGroup section */

/* Begin XCBuildConfiguration section */
		6EB126D0190FEEA20019651B /* Debug */ = {
			isa = XCBuildConfiguration;
			buildSettings = {
				ALWAYS_SEARCH_USER_PATHS = NO;
				CLANG_CXX_LANGUAGE_STANDARD = "gnu++0x";
				CLANG_CXX_LIBRARY = "libc++";
				CLANG_ENABLE_MODULES = YES;
				CLANG_ENABLE_OBJC_ARC = YES;
				CLANG_WARN_BOOL_CONVERSION = YES;
				CLANG_WARN_CONSTANT_CONVERSION = YES;
				CLANG_WARN_DIRECT_OBJC_ISA_USAGE = YES_ERROR;
				CLANG_WARN_EMPTY_BODY = YES;
				CLANG_WARN_ENUM_CONVERSION = YES;
				CLANG_WARN_INT_CONVERSION = YES;
				CLANG_WARN_OBJC_ROOT_CLASS = YES_ERROR;
				CLANG_WARN__DUPLICATE_METHOD_MATCH = YES;
				COPY_PHASE_STRIP = NO;
				GCC_C_LANGUAGE_STANDARD = gnu99;
				GCC_DYNAMIC_NO_PIC = NO;
				GCC_ENABLE_OBJC_EXCEPTIONS = YES;
				GCC_OPTIMIZATION_LEVEL = 0;
				GCC_PREPROCESSOR_DEFINITIONS = (
					"DEBUG=1",
					"$(inherited)",
				);
				GCC_SYMBOLS_PRIVATE_EXTERN = NO;
				GCC_WARN_64_TO_32_BIT_CONVERSION = YES;
				GCC_WARN_ABOUT_RETURN_TYPE = YES_ERROR;
				GCC_WARN_UNDECLARED_SELECTOR = YES;
				GCC_WARN_UNINITIALIZED_AUTOS = YES_AGGRESSIVE;
				GCC_WARN_UNUSED_FUNCTION = YES;
				GCC_WARN_UNUSED_VARIABLE = YES;
				MACOSX_DEPLOYMENT_TARGET = 10.9;
				ONLY_ACTIVE_ARCH = YES;
				SDKROOT = macosx;
			};
			name = Debug;
		};
		6EB126D1190FEEA20019651B /* Release */ = {
			isa = XCBuildConfiguration;
			buildSettings = {
				ALWAYS_SEARCH_USER_PATHS = NO;
				CLANG_CXX_LANGUAGE_STANDARD = "gnu++0x";
				CLANG_CXX_LIBRARY = "libc++";
				CLANG_ENABLE_MODULES = YES;
				CLANG_ENABLE_OBJC_ARC = YES;
				CLANG_WARN_BOOL_CONVERSION = YES;
				CLANG_WARN_CONSTANT_CONVERSION = YES;
				CLANG_WARN_DIRECT_OBJC_ISA_USAGE = YES_ERROR;
				CLANG_WARN_EMPTY_BODY = YES;
				CLANG_WARN_ENUM_CONVERSION = YES;
				CLANG_WARN_INT_CONVERSION = YES;
				CLANG_WARN_OBJC_ROOT_CLASS = YES_ERROR;
				CLANG_WARN__DUPLICATE_METHOD_MATCH = YES;
				COPY_PHASE_STRIP = YES;
				DEBUG_INFORMATION_FORMAT = "dwarf-with-dsym";
				ENABLE_NS_ASSERTIONS = NO;
				GCC_C_LANGUAGE_STANDARD = gnu99;
				GCC_ENABLE_OBJC_EXCEPTIONS = YES;
				GCC_WARN_64_TO_32_BIT_CONVERSION = YES;
				GCC_WARN_ABOUT_RETURN_TYPE = YES_ERROR;
				GCC_WARN_UNDECLARED_SELECTOR = YES;
				GCC_WARN_UNINITIALIZED_AUTOS = YES_AGGRESSIVE;
				GCC_WARN_UNUSED_FUNCTION = YES;
				GCC_WARN_UNUSED_VARIABLE = YES;
				MACOSX_DEPLOYMENT_TARGET = 10.9;
				SDKROOT = macosx;
			};
			name = Release;
		};
		6EB126D3190FEEA20019651B /* Debug */ = {
			isa = XCBuildConfiguration;
			buildSettings = {
				ASSETCATALOG_COMPILER_APPICON_NAME = AppIcon;
				COMBINE_HIDPI_IMAGES = YES;
				GCC_PRECOMPILE_PREFIX_HEADER = YES;
				GCC_PREFIX_HEADER = "iCal_MAC_Test/iCaleminder_OSX-Prefix.pch";
				INFOPLIST_FILE = "iCal_MAC_Test/iCaleminder_OSX-Info.plist";
				PRODUCT_NAME = iCaleminder_OSX;
				WRAPPER_EXTENSION = app;
			};
			name = Debug;
		};
		6EB126D4190FEEA20019651B /* Release */ = {
			isa = XCBuildConfiguration;
			buildSettings = {
				ASSETCATALOG_COMPILER_APPICON_NAME = AppIcon;
				COMBINE_HIDPI_IMAGES = YES;
				GCC_PRECOMPILE_PREFIX_HEADER = YES;
				GCC_PREFIX_HEADER = "iCal_MAC_Test/iCaleminder_OSX-Prefix.pch";
				INFOPLIST_FILE = "iCal_MAC_Test/iCaleminder_OSX-Info.plist";
				PRODUCT_NAME = iCaleminder_OSX;
				WRAPPER_EXTENSION = app;
			};
			name = Release;
		};
		6EB126D6190FEEA20019651B /* Debug */ = {
			isa = XCBuildConfiguration;
			buildSettings = {
				BUNDLE_LOADER = "$(BUILT_PRODUCTS_DIR)/iCal_MAC_Test.app/Contents/MacOS/iCal_MAC_Test";
				COMBINE_HIDPI_IMAGES = YES;
				FRAMEWORK_SEARCH_PATHS = (
					"$(DEVELOPER_FRAMEWORKS_DIR)",
					"$(inherited)",
				);
				GCC_PRECOMPILE_PREFIX_HEADER = YES;
				GCC_PREFIX_HEADER = "iCal_MAC_Test/iCal_MAC_Test-Prefix.pch";
				GCC_PREPROCESSOR_DEFINITIONS = (
					"DEBUG=1",
					"$(inherited)",
				);
				INFOPLIST_FILE = "iCal_MAC_TestTests/iCaleminder_OSXTests-Info.plist";
				PRODUCT_NAME = iCaleminder_OSXTests;
				TEST_HOST = "$(BUNDLE_LOADER)";
				WRAPPER_EXTENSION = xctest;
			};
			name = Debug;
		};
		6EB126D7190FEEA20019651B /* Release */ = {
			isa = XCBuildConfiguration;
			buildSettings = {
				BUNDLE_LOADER = "$(BUILT_PRODUCTS_DIR)/iCal_MAC_Test.app/Contents/MacOS/iCal_MAC_Test";
				COMBINE_HIDPI_IMAGES = YES;
				FRAMEWORK_SEARCH_PATHS = (
					"$(DEVELOPER_FRAMEWORKS_DIR)",
					"$(inherited)",
				);
				GCC_PRECOMPILE_PREFIX_HEADER = YES;
				GCC_PREFIX_HEADER = "iCal_MAC_Test/iCal_MAC_Test-Prefix.pch";
				INFOPLIST_FILE = "iCal_MAC_TestTests/iCaleminder_OSXTests-Info.plist";
				PRODUCT_NAME = iCaleminder_OSXTests;
				TEST_HOST = "$(BUNDLE_LOADER)";
				WRAPPER_EXTENSION = xctest;
			};
			name = Release;
		};
/* End XCBuildConfiguration section */

/* Begin XCConfigurationList section */
		6EB1269C190FEEA20019651B /* Build configuration list for PBXProject "iCaleminder_OSX" */ = {
			isa = XCConfigurationList;
			buildConfigurations = (
				6EB126D0190FEEA20019651B /* Debug */,
				6EB126D1190FEEA20019651B /* Release */,
			);
			defaultConfigurationIsVisible = 0;
			defaultConfigurationName = Release;
		};
		6EB126D2190FEEA20019651B /* Build configuration list for PBXNativeTarget "iCaleminder_OSX" */ = {
			isa = XCConfigurationList;
			buildConfigurations = (
				6EB126D3190FEEA20019651B /* Debug */,
				6EB126D4190FEEA20019651B /* Release */,
			);
			defaultConfigurationIsVisible = 0;
			defaultConfigurationName = Release;
		};
		6EB126D5190FEEA20019651B /* Build configuration list for PBXNativeTarget "iCaleminder_OSXTests" */ = {
			isa = XCConfigurationList;
			buildConfigurations = (
				6EB126D6190FEEA20019651B /* Debug */,
				6EB126D7190FEEA20019651B /* Release */,
			);
			defaultConfigurationIsVisible = 0;
			defaultConfigurationName = Release;
		};
/* End XCConfigurationList section */
	};
	rootObject = 6EB12699190FEEA20019651B /* Project object */;
}
