// !$*UTF8*$!
{
	archiveVersion = 1;
	classes = {
	};
	objectVersion = 46;
	objects = {

/* Begin PBXBuildFile section */
		6E4B6C4E19BCAF13008D4968 /* MainMenu.xib in Resources */ = {isa = PBXBuildFile; fileRef = 6EF5085319A5971F00BE8207 /* MainMenu.xib */; };
		6E4B6C4F19BCAF16008D4968 /* AppDelegate.swift in Sources */ = {isa = PBXBuildFile; fileRef = 6EF5084F19A5971F00BE8207 /* AppDelegate.swift */; };
		6EF5084E19A5971F00BE8207 /* main.swift in Sources */ = {isa = PBXBuildFile; fileRef = 6EF5084D19A5971F00BE8207 /* main.swift */; };
		6EF5085219A5971F00BE8207 /* Images.xcassets in Resources */ = {isa = PBXBuildFile; fileRef = 6EF5085119A5971F00BE8207 /* Images.xcassets */; };
		6EF5086119A5971F00BE8207 /* TimeHarker_OSXTests.swift in Sources */ = {isa = PBXBuildFile; fileRef = 6EF5086019A5971F00BE8207 /* TimeHarker_OSXTests.swift */; };
/* End PBXBuildFile section */

/* Begin PBXContainerItemProxy section */
		6EF5085B19A5971F00BE8207 /* PBXContainerItemProxy */ = {
			isa = PBXContainerItemProxy;
			containerPortal = 6EF5084019A5971F00BE8207 /* Project object */;
			proxyType = 1;
			remoteGlobalIDString = 6EF5084719A5971F00BE8207;
			remoteInfo = "TimeHarker-OSX";
		};
/* End PBXContainerItemProxy section */

/* Begin PBXFileReference section */
		6EF5084819A5971F00BE8207 /* TimeHarker-OSX.app */ = {isa = PBXFileReference; explicitFileType = wrapper.application; includeInIndex = 0; path = "TimeHarker-OSX.app"; sourceTree = BUILT_PRODUCTS_DIR; };
		6EF5084C19A5971F00BE8207 /* Info.plist */ = {isa = PBXFileReference; lastKnownFileType = text.plist.xml; path = Info.plist; sourceTree = "<group>"; };
		6EF5084D19A5971F00BE8207 /* main.swift */ = {isa = PBXFileReference; lastKnownFileType = sourcecode.swift; path = main.swift; sourceTree = "<group>"; };
		6EF5084F19A5971F00BE8207 /* AppDelegate.swift */ = {isa = PBXFileReference; lastKnownFileType = sourcecode.swift; path = AppDelegate.swift; sourceTree = "<group>"; };
		6EF5085119A5971F00BE8207 /* Images.xcassets */ = {isa = PBXFileReference; lastKnownFileType = folder.assetcatalog; path = Images.xcassets; sourceTree = "<group>"; };
		6EF5085419A5971F00BE8207 /* Base */ = {isa = PBXFileReference; lastKnownFileType = file.xib; name = Base; path = Base.lproj/MainMenu.xib; sourceTree = "<group>"; };
		6EF5085A19A5971F00BE8207 /* TimeHarker-OSXTests.xctest */ = {isa = PBXFileReference; explicitFileType = wrapper.cfbundle; includeInIndex = 0; path = "TimeHarker-OSXTests.xctest"; sourceTree = BUILT_PRODUCTS_DIR; };
		6EF5085F19A5971F00BE8207 /* Info.plist */ = {isa = PBXFileReference; lastKnownFileType = text.plist.xml; path = Info.plist; sourceTree = "<group>"; };
		6EF5086019A5971F00BE8207 /* TimeHarker_OSXTests.swift */ = {isa = PBXFileReference; lastKnownFileType = sourcecode.swift; path = TimeHarker_OSXTests.swift; sourceTree = "<group>"; };
/* End PBXFileReference section */

/* Begin PBXFrameworksBuildPhase section */
		6EF5084519A5971F00BE8207 /* Frameworks */ = {
			isa = PBXFrameworksBuildPhase;
			buildActionMask = 2147483647;
			files = (
			);
			runOnlyForDeploymentPostprocessing = 0;
		};
		6EF5085719A5971F00BE8207 /* Frameworks */ = {
			isa = PBXFrameworksBuildPhase;
			buildActionMask = 2147483647;
			files = (
			);
			runOnlyForDeploymentPostprocessing = 0;
		};
/* End PBXFrameworksBuildPhase section */

/* Begin PBXGroup section */
		6EF5083F19A5971F00BE8207 = {
			isa = PBXGroup;
			children = (
				6EF5084A19A5971F00BE8207 /* TimeHarker-OSX */,
				6EF5085D19A5971F00BE8207 /* TimeHarker-OSXTests */,
				6EF5084919A5971F00BE8207 /* Products */,
			);
			sourceTree = "<group>";
		};
		6EF5084919A5971F00BE8207 /* Products */ = {
			isa = PBXGroup;
			children = (
				6EF5084819A5971F00BE8207 /* TimeHarker-OSX.app */,
				6EF5085A19A5971F00BE8207 /* TimeHarker-OSXTests.xctest */,
			);
			name = Products;
			sourceTree = "<group>";
		};
		6EF5084A19A5971F00BE8207 /* TimeHarker-OSX */ = {
			isa = PBXGroup;
			children = (
				6EF5084F19A5971F00BE8207 /* AppDelegate.swift */,
				6EF5085119A5971F00BE8207 /* Images.xcassets */,
				6EF5085319A5971F00BE8207 /* MainMenu.xib */,
				6EF5084B19A5971F00BE8207 /* Supporting Files */,
			);
			path = "TimeHarker-OSX";
			sourceTree = "<group>";
		};
		6EF5084B19A5971F00BE8207 /* Supporting Files */ = {
			isa = PBXGroup;
			children = (
				6EF5084C19A5971F00BE8207 /* Info.plist */,
				6EF5084D19A5971F00BE8207 /* main.swift */,
			);
			name = "Supporting Files";
			sourceTree = "<group>";
		};
		6EF5085D19A5971F00BE8207 /* TimeHarker-OSXTests */ = {
			isa = PBXGroup;
			children = (
				6EF5086019A5971F00BE8207 /* TimeHarker_OSXTests.swift */,
				6EF5085E19A5971F00BE8207 /* Supporting Files */,
			);
			path = "TimeHarker-OSXTests";
			sourceTree = "<group>";
		};
		6EF5085E19A5971F00BE8207 /* Supporting Files */ = {
			isa = PBXGroup;
			children = (
				6EF5085F19A5971F00BE8207 /* Info.plist */,
			);
			name = "Supporting Files";
			sourceTree = "<group>";
		};
/* End PBXGroup section */

/* Begin PBXNativeTarget section */
		6EF5084719A5971F00BE8207 /* TimeHarker-OSX */ = {
			isa = PBXNativeTarget;
			buildConfigurationList = 6EF5086419A5971F00BE8207 /* Build configuration list for PBXNativeTarget "TimeHarker-OSX" */;
			buildPhases = (
				6EF5084419A5971F00BE8207 /* Sources */,
				6EF5084519A5971F00BE8207 /* Frameworks */,
				6EF5084619A5971F00BE8207 /* Resources */,
			);
			buildRules = (
			);
			dependencies = (
			);
			name = "TimeHarker-OSX";
			productName = "TimeHarker-OSX";
			productReference = 6EF5084819A5971F00BE8207 /* TimeHarker-OSX.app */;
			productType = "com.apple.product-type.application";
		};
		6EF5085919A5971F00BE8207 /* TimeHarker-OSXTests */ = {
			isa = PBXNativeTarget;
			buildConfigurationList = 6EF5086719A5971F00BE8207 /* Build configuration list for PBXNativeTarget "TimeHarker-OSXTests" */;
			buildPhases = (
				6EF5085619A5971F00BE8207 /* Sources */,
				6EF5085719A5971F00BE8207 /* Frameworks */,
				6EF5085819A5971F00BE8207 /* Resources */,
			);
			buildRules = (
			);
			dependencies = (
				6EF5085C19A5971F00BE8207 /* PBXTargetDependency */,
			);
			name = "TimeHarker-OSXTests";
			productName = "TimeHarker-OSXTests";
			productReference = 6EF5085A19A5971F00BE8207 /* TimeHarker-OSXTests.xctest */;
			productType = "com.apple.product-type.bundle.unit-test";
		};
/* End PBXNativeTarget section */

/* Begin PBXProject section */
		6EF5084019A5971F00BE8207 /* Project object */ = {
			isa = PBXProject;
			attributes = {
				LastUpgradeCheck = 0600;
				ORGANIZATIONNAME = artwalk;
				TargetAttributes = {
					6EF5084719A5971F00BE8207 = {
						CreatedOnToolsVersion = 6.0;
					};
					6EF5085919A5971F00BE8207 = {
						CreatedOnToolsVersion = 6.0;
						TestTargetID = 6EF5084719A5971F00BE8207;
					};
				};
			};
			buildConfigurationList = 6EF5084319A5971F00BE8207 /* Build configuration list for PBXProject "TimeHarker-OSX" */;
			compatibilityVersion = "Xcode 3.2";
			developmentRegion = English;
			hasScannedForEncodings = 0;
			knownRegions = (
				en,
				Base,
			);
			mainGroup = 6EF5083F19A5971F00BE8207;
			productRefGroup = 6EF5084919A5971F00BE8207 /* Products */;
			projectDirPath = "";
			projectRoot = "";
			targets = (
				6EF5084719A5971F00BE8207 /* TimeHarker-OSX */,
				6EF5085919A5971F00BE8207 /* TimeHarker-OSXTests */,
			);
		};
/* End PBXProject section */

/* Begin PBXResourcesBuildPhase section */
		6EF5084619A5971F00BE8207 /* Resources */ = {
			isa = PBXResourcesBuildPhase;
			buildActionMask = 2147483647;
			files = (
				6EF5085219A5971F00BE8207 /* Images.xcassets in Resources */,
				6E4B6C4E19BCAF13008D4968 /* MainMenu.xib in Resources */,
			);
			runOnlyForDeploymentPostprocessing = 0;
		};
		6EF5085819A5971F00BE8207 /* Resources */ = {
			isa = PBXResourcesBuildPhase;
			buildActionMask = 2147483647;
			files = (
			);
			runOnlyForDeploymentPostprocessing = 0;
		};
/* End PBXResourcesBuildPhase section */

/* Begin PBXSourcesBuildPhase section */
		6EF5084419A5971F00BE8207 /* Sources */ = {
			isa = PBXSourcesBuildPhase;
			buildActionMask = 2147483647;
			files = (
				6E4B6C4F19BCAF16008D4968 /* AppDelegate.swift in Sources */,
				6EF5084E19A5971F00BE8207 /* main.swift in Sources */,
			);
			runOnlyForDeploymentPostprocessing = 0;
		};
		6EF5085619A5971F00BE8207 /* Sources */ = {
			isa = PBXSourcesBuildPhase;
			buildActionMask = 2147483647;
			files = (
				6EF5086119A5971F00BE8207 /* TimeHarker_OSXTests.swift in Sources */,
			);
			runOnlyForDeploymentPostprocessing = 0;
		};
/* End PBXSourcesBuildPhase section */

/* Begin PBXTargetDependency section */
		6EF5085C19A5971F00BE8207 /* PBXTargetDependency */ = {
			isa = PBXTargetDependency;
			target = 6EF5084719A5971F00BE8207 /* TimeHarker-OSX */;
			targetProxy = 6EF5085B19A5971F00BE8207 /* PBXContainerItemProxy */;
		};
/* End PBXTargetDependency section */

/* Begin PBXVariantGroup section */
		6EF5085319A5971F00BE8207 /* MainMenu.xib */ = {
			isa = PBXVariantGroup;
			children = (
				6EF5085419A5971F00BE8207 /* Base */,
			);
			name = MainMenu.xib;
			sourceTree = "<group>";
		};
/* End PBXVariantGroup section */

/* Begin XCBuildConfiguration section */
		6EF5086219A5971F00BE8207 /* Debug */ = {
			isa = XCBuildConfiguration;
			buildSettings = {
				ALWAYS_SEARCH_USER_PATHS = NO;
				CLANG_CXX_LANGUAGE_STANDARD = "gnu++0x";
				CLANG_CXX_LIBRARY = "libc++";
				CLANG_ENABLE_MODULES = YES;
				CLANG_ENABLE_OBJC_ARC = YES;
				CLANG_WARN_BOOL_CONVERSION = YES;
				CLANG_WARN_CONSTANT_CONVERSION = YES;
				CLANG_WARN_DIRECT_OBJC_ISA_USAGE = YES_ERROR;
				CLANG_WARN_EMPTY_BODY = YES;
				CLANG_WARN_ENUM_CONVERSION = YES;
				CLANG_WARN_INT_CONVERSION = YES;
				CLANG_WARN_OBJC_ROOT_CLASS = YES_ERROR;
				CLANG_WARN_UNREACHABLE_CODE = YES;
				CLANG_WARN__DUPLICATE_METHOD_MATCH = YES;
				CODE_SIGN_IDENTITY = "-";
				COPY_PHASE_STRIP = NO;
				ENABLE_STRICT_OBJC_MSGSEND = YES;
				GCC_C_LANGUAGE_STANDARD = gnu99;
				GCC_DYNAMIC_NO_PIC = NO;
				GCC_OPTIMIZATION_LEVEL = 0;
				GCC_PREPROCESSOR_DEFINITIONS = (
					"DEBUG=1",
					"$(inherited)",
				);
				GCC_SYMBOLS_PRIVATE_EXTERN = NO;
				GCC_WARN_64_TO_32_BIT_CONVERSION = YES;
				GCC_WARN_ABOUT_RETURN_TYPE = YES_ERROR;
				GCC_WARN_UNDECLARED_SELECTOR = YES;
				GCC_WARN_UNINITIALIZED_AUTOS = YES_AGGRESSIVE;
				GCC_WARN_UNUSED_FUNCTION = YES;
				GCC_WARN_UNUSED_VARIABLE = YES;
				MACOSX_DEPLOYMENT_TARGET = 10.9;
				MTL_ENABLE_DEBUG_INFO = YES;
				ONLY_ACTIVE_ARCH = YES;
				SDKROOT = macosx;
				SWIFT_OPTIMIZATION_LEVEL = "-Onone";
			};
			name = Debug;
		};
		6EF5086319A5971F00BE8207 /* Release */ = {
			isa = XCBuildConfiguration;
			buildSettings = {
				ALWAYS_SEARCH_USER_PATHS = NO;
				CLANG_CXX_LANGUAGE_STANDARD = "gnu++0x";
				CLANG_CXX_LIBRARY = "libc++";
				CLANG_ENABLE_MODULES = YES;
				CLANG_ENABLE_OBJC_ARC = YES;
				CLANG_WARN_BOOL_CONVERSION = YES;
				CLANG_WARN_CONSTANT_CONVERSION = YES;
				CLANG_WARN_DIRECT_OBJC_ISA_USAGE = YES_ERROR;
				CLANG_WARN_EMPTY_BODY = YES;
				CLANG_WARN_ENUM_CONVERSION = YES;
				CLANG_WARN_INT_CONVERSION = YES;
				CLANG_WARN_OBJC_ROOT_CLASS = YES_ERROR;
				CLANG_WARN_UNREACHABLE_CODE = YES;
				CLANG_WARN__DUPLICATE_METHOD_MATCH = YES;
				CODE_SIGN_IDENTITY = "-";
				COPY_PHASE_STRIP = YES;
				DEBUG_INFORMATION_FORMAT = "dwarf-with-dsym";
				ENABLE_NS_ASSERTIONS = NO;
				ENABLE_STRICT_OBJC_MSGSEND = YES;
				GCC_C_LANGUAGE_STANDARD = gnu99;
				GCC_WARN_64_TO_32_BIT_CONVERSION = YES;
				GCC_WARN_ABOUT_RETURN_TYPE = YES_ERROR;
				GCC_WARN_UNDECLARED_SELECTOR = YES;
				GCC_WARN_UNINITIALIZED_AUTOS = YES_AGGRESSIVE;
				GCC_WARN_UNUSED_FUNCTION = YES;
				GCC_WARN_UNUSED_VARIABLE = YES;
				MACOSX_DEPLOYMENT_TARGET = 10.9;
				MTL_ENABLE_DEBUG_INFO = NO;
				SDKROOT = macosx;
			};
			name = Release;
		};
		6EF5086519A5971F00BE8207 /* Debug */ = {
			isa = XCBuildConfiguration;
			buildSettings = {
				ASSETCATALOG_COMPILER_APPICON_NAME = AppIcon;
				COMBINE_HIDPI_IMAGES = YES;
				INFOPLIST_FILE = "TimeHarker-OSX/Info.plist";
				LD_RUNPATH_SEARCH_PATHS = "$(inherited) @executable_path/../Frameworks";
				MACOSX_DEPLOYMENT_TARGET = 10.9;
				PRODUCT_NAME = "$(TARGET_NAME)";
			};
			name = Debug;
		};
		6EF5086619A5971F00BE8207 /* Release */ = {
			isa = XCBuildConfiguration;
			buildSettings = {
				ASSETCATALOG_COMPILER_APPICON_NAME = AppIcon;
				COMBINE_HIDPI_IMAGES = YES;
				INFOPLIST_FILE = "TimeHarker-OSX/Info.plist";
				LD_RUNPATH_SEARCH_PATHS = "$(inherited) @executable_path/../Frameworks";
				MACOSX_DEPLOYMENT_TARGET = 10.9;
				PRODUCT_NAME = "$(TARGET_NAME)";
			};
			name = Release;
		};
		6EF5086819A5971F00BE8207 /* Debug */ = {
			isa = XCBuildConfiguration;
			buildSettings = {
				BUNDLE_LOADER = "$(TEST_HOST)";
				COMBINE_HIDPI_IMAGES = YES;
				FRAMEWORK_SEARCH_PATHS = (
					"$(DEVELOPER_FRAMEWORKS_DIR)",
					"$(inherited)",
				);
				GCC_PREPROCESSOR_DEFINITIONS = (
					"DEBUG=1",
					"$(inherited)",
				);
				INFOPLIST_FILE = "TimeHarker-OSXTests/Info.plist";
				LD_RUNPATH_SEARCH_PATHS = "$(inherited) @executable_path/../Frameworks @loader_path/../Frameworks";
				PRODUCT_NAME = "$(TARGET_NAME)";
				TEST_HOST = "$(BUILT_PRODUCTS_DIR)/TimeHarker-OSX.app/Contents/MacOS/TimeHarker-OSX";
			};
			name = Debug;
		};
		6EF5086919A5971F00BE8207 /* Release */ = {
			isa = XCBuildConfiguration;
			buildSettings = {
				BUNDLE_LOADER = "$(TEST_HOST)";
				COMBINE_HIDPI_IMAGES = YES;
				FRAMEWORK_SEARCH_PATHS = (
					"$(DEVELOPER_FRAMEWORKS_DIR)",
					"$(inherited)",
				);
				INFOPLIST_FILE = "TimeHarker-OSXTests/Info.plist";
				LD_RUNPATH_SEARCH_PATHS = "$(inherited) @executable_path/../Frameworks @loader_path/../Frameworks";
				PRODUCT_NAME = "$(TARGET_NAME)";
				TEST_HOST = "$(BUILT_PRODUCTS_DIR)/TimeHarker-OSX.app/Contents/MacOS/TimeHarker-OSX";
			};
			name = Release;
		};
/* End XCBuildConfiguration section */

/* Begin XCConfigurationList section */
		6EF5084319A5971F00BE8207 /* Build configuration list for PBXProject "TimeHarker-OSX" */ = {
			isa = XCConfigurationList;
			buildConfigurations = (
				6EF5086219A5971F00BE8207 /* Debug */,
				6EF5086319A5971F00BE8207 /* Release */,
			);
			defaultConfigurationIsVisible = 0;
			defaultConfigurationName = Release;
		};
		6EF5086419A5971F00BE8207 /* Build configuration list for PBXNativeTarget "TimeHarker-OSX" */ = {
			isa = XCConfigurationList;
			buildConfigurations = (
				6EF5086519A5971F00BE8207 /* Debug */,
				6EF5086619A5971F00BE8207 /* Release */,
			);
			defaultConfigurationIsVisible = 0;
			defaultConfigurationName = Release;
		};
		6EF5086719A5971F00BE8207 /* Build configuration list for PBXNativeTarget "TimeHarker-OSXTests" */ = {
			isa = XCConfigurationList;
			buildConfigurations = (
				6EF5086819A5971F00BE8207 /* Debug */,
				6EF5086919A5971F00BE8207 /* Release */,
			);
			defaultConfigurationIsVisible = 0;
			defaultConfigurationName = Release;
		};
/* End XCConfigurationList section */
	};
	rootObject = 6EF5084019A5971F00BE8207 /* Project object */;
}
